
Microsoft Visual Studio Solution File, Format Version 12.00
# Visual Studio 2012
Project("{FAE04EC0-301F-11D3-BF4B-00C04F79EFBC}") = "GalleryShare", "GalleryShare\GalleryShare.csproj", "{806258ED-F088-44A1-A6BE-2B8E4D1007E5}"
EndProject
Global
	GlobalSection(SolutionConfigurationPlatforms) = preSolution
		Debug|x86 = Debug|x86
		Release|x86 = Release|x86
	EndGlobalSection
	GlobalSection(ProjectConfigurationPlatforms) = postSolution
		{806258ED-F088-44A1-A6BE-2B8E4D1007E5}.Debug|x86.ActiveCfg = Debug|x86
		{806258ED-F088-44A1-A6BE-2B8E4D1007E5}.Debug|x86.Build.0 = Debug|x86
		{806258ED-F088-44A1-A6BE-2B8E4D1007E5}.Release|x86.ActiveCfg = Release|x86
		{806258ED-F088-44A1-A6BE-2B8E4D1007E5}.Release|x86.Build.0 = Release|x86
	EndGlobalSection
EndGlobal
